
Microsoft Visual Studio Solution File, Format Version 12.00
# Visual Studio Version 18
VisualStudioVersion = 18.5.11626.173
MinimumVisualStudioVersion = 10.0.40219.1
Project("{FAE04EC0-301F-11D3-BF4B-00C04F79EFBC}") = "EventRegistrationAPI", "EventRegistrationAPI.csproj", "{A25ECCD9-42A9-29C2-653F-2C51C6095815}"
EndProject
Project("{2150E333-8FDC-42A3-9474-1A3956D46DE8}") = "Repositories", "Repositories", "{F06ACBF1-5DDB-4449-8EA1-11A2D9A0BB24}"
EndProject
Project("{2150E333-8FDC-42A3-9474-1A3956D46DE8}") = "Interfaces", "Interfaces", "{3D8D1EBF-6A1F-4EF9-8E95-677AD8254205}"
	ProjectSection(SolutionItems) = preProject
		IEventRepository.cs = IEventRepository.cs
		IRegistrationRepository.cs = IRegistrationRepository.cs
	EndProjectSection
EndProject
Project("{2150E333-8FDC-42A3-9474-1A3956D46DE8}") = "Implementations", "Implementations", "{E1A584CC-105F-44BC-9962-A04ACBE4ACB9}"
	ProjectSection(SolutionItems) = preProject
		EventRepository.cs = EventRepository.cs
		RegistrationRepository.cs = RegistrationRepository.cs
	EndProjectSection
EndProject
Global
	GlobalSection(SolutionConfigurationPlatforms) = preSolution
		Debug|Any CPU = Debug|Any CPU
		Release|Any CPU = Release|Any CPU
	EndGlobalSection
	GlobalSection(ProjectConfigurationPlatforms) = postSolution
		{A25ECCD9-42A9-29C2-653F-2C51C6095815}.Debug|Any CPU.ActiveCfg = Debug|Any CPU
		{A25ECCD9-42A9-29C2-653F-2C51C6095815}.Debug|Any CPU.Build.0 = Debug|Any CPU
		{A25ECCD9-42A9-29C2-653F-2C51C6095815}.Release|Any CPU.ActiveCfg = Release|Any CPU
		{A25ECCD9-42A9-29C2-653F-2C51C6095815}.Release|Any CPU.Build.0 = Release|Any CPU
	EndGlobalSection
	GlobalSection(SolutionProperties) = preSolution
		HideSolutionNode = FALSE
	EndGlobalSection
	GlobalSection(NestedProjects) = preSolution
		{3D8D1EBF-6A1F-4EF9-8E95-677AD8254205} = {F06ACBF1-5DDB-4449-8EA1-11A2D9A0BB24}
		{E1A584CC-105F-44BC-9962-A04ACBE4ACB9} = {F06ACBF1-5DDB-4449-8EA1-11A2D9A0BB24}
	EndGlobalSection
	GlobalSection(ExtensibilityGlobals) = postSolution
		SolutionGuid = {CA1914BA-7502-41B6-A696-DBA2B3F51F13}
	EndGlobalSection
EndGlobal
